// !$*UTF8*$!
{
	archiveVersion = 1;
	classes = {
	};
	objectVersion = 46;
	objects = {

/* Begin PBXBuildFile section */
		C521455E13ED03E700B4084E /* UIKit.framework in Frameworks */ = {isa = PBXBuildFile; fileRef = C521455D13ED03E700B4084E /* UIKit.framework */; };
		C521456013ED03E700B4084E /* Foundation.framework in Frameworks */ = {isa = PBXBuildFile; fileRef = C521455F13ED03E700B4084E /* Foundation.framework */; };
		C521456213ED03E700B4084E /* CoreGraphics.framework in Frameworks */ = {isa = PBXBuildFile; fileRef = C521456113ED03E700B4084E /* CoreGraphics.framework */; };
		C521456813ED03E700B4084E /* InfoPlist.strings in Resources */ = {isa = PBXBuildFile; fileRef = C521456613ED03E700B4084E /* InfoPlist.strings */; };
		C521456B13ED03E700B4084E /* main.m in Sources */ = {isa = PBXBuildFile; fileRef = C521456A13ED03E700B4084E /* main.m */; };
		C521456E13ED03E700B4084E /* HelloWorldAppDelegate.m in Sources */ = {isa = PBXBuildFile; fileRef = C521456D13ED03E700B4084E /* HelloWorldAppDelegate.m */; };
		C521457113ED03E700B4084E /* MainWindow.xib in Resources */ = {isa = PBXBuildFile; fileRef = C521456F13ED03E700B4084E /* MainWindow.xib */; };
		C521457413ED03E700B4084E /* HelloWorldViewController.m in Sources */ = {isa = PBXBuildFile; fileRef = C521457313ED03E700B4084E /* HelloWorldViewController.m */; };
		C521457713ED03E700B4084E /* HelloWorldViewController.xib in Resources */ = {isa = PBXBuildFile; fileRef = C521457513ED03E700B4084E /* HelloWorldViewController.xib */; };
/* End PBXBuildFile section */

/* Begin PBXFileReference section */
		C521455913ED03E700B4084E /* HelloWorld.app */ = {isa = PBXFileReference; explicitFileType = wrapper.application; includeInIndex = 0; path = HelloWorld.app; sourceTree = BUILT_PRODUCTS_DIR; };
		C521455D13ED03E700B4084E /* UIKit.framework */ = {isa = PBXFileReference; lastKnownFileType = wrapper.framework; name = UIKit.framework; path = System/Library/Frameworks/UIKit.framework; sourceTree = SDKROOT; };
		C521455F13ED03E700B4084E /* Foundation.framework */ = {isa = PBXFileReference; lastKnownFileType = wrapper.framework; name = Foundation.framework; path = System/Library/Frameworks/Foundation.framework; sourceTree = SDKROOT; };
		C521456113ED03E700B4084E /* CoreGraphics.framework */ = {isa = PBXFileReference; lastKnownFileType = wrapper.framework; name = CoreGraphics.framework; path = System/Library/Frameworks/CoreGraphics.framework; sourceTree = SDKROOT; };
		C521456513ED03E700B4084E /* HelloWorld-Info.plist */ = {isa = PBXFileReference; lastKnownFileType = text.plist.xml; path = "HelloWorld-Info.plist"; sourceTree = "<group>"; };
		C521456713ED03E700B4084E /* en */ = {isa = PBXFileReference; lastKnownFileType = text.plist.strings; name = en; path = en.lproj/InfoPlist.strings; sourceTree = "<group>"; };
		C521456913ED03E700B4084E /* HelloWorld-Prefix.pch */ = {isa = PBXFileReference; lastKnownFileType = sourcecode.c.h; path = "HelloWorld-Prefix.pch"; sourceTree = "<group>"; };
		C521456A13ED03E700B4084E /* main.m */ = {isa = PBXFileReference; lastKnownFileType = sourcecode.c.objc; path = main.m; sourceTree = "<group>"; };
		C521456C13ED03E700B4084E /* HelloWorldAppDelegate.h */ = {isa = PBXFileReference; lastKnownFileType = sourcecode.c.h; path = HelloWorldAppDelegate.h; sourceTree = "<group>"; };
		C521456D13ED03E700B4084E /* HelloWorldAppDelegate.m */ = {isa = PBXFileReference; lastKnownFileType = sourcecode.c.objc; path = HelloWorldAppDelegate.m; sourceTree = "<group>"; };
		C521457013ED03E700B4084E /* en */ = {isa = PBXFileReference; lastKnownFileType = file.xib; name = en; path = en.lproj/MainWindow.xib; sourceTree = "<group>"; };
		C521457213ED03E700B4084E /* HelloWorldViewController.h */ = {isa = PBXFileReference; lastKnownFileType = sourcecode.c.h; path = HelloWorldViewController.h; sourceTree = "<group>"; };
		C521457313ED03E700B4084E /* HelloWorldViewController.m */ = {isa = PBXFileReference; lastKnownFileType = sourcecode.c.objc; path = HelloWorldViewController.m; sourceTree = "<group>"; };
		C521457613ED03E700B4084E /* en */ = {isa = PBXFileReference; lastKnownFileType = file.xib; name = en; path = en.lproj/HelloWorldViewController.xib; sourceTree = "<group>"; };
/* End PBXFileReference section */

/* Begin PBXFrameworksBuildPhase section */
		C521455613ED03E700B4084E /* Frameworks */ = {
			isa = PBXFrameworksBuildPhase;
			buildActionMask = 2147483647;
			files = (
				C521455E13ED03E700B4084E /* UIKit.framework in Frameworks */,
				C521456013ED03E700B4084E /* Foundation.framework in Frameworks */,
				C521456213ED03E700B4084E /* CoreGraphics.framework in Frameworks */,
			);
			runOnlyForDeploymentPostprocessing = 0;
		};
/* End PBXFrameworksBuildPhase section */

/* Begin PBXGroup section */
		C521454E13ED03E700B4084E = {
			isa = PBXGroup;
			children = (
				C521456313ED03E700B4084E /* HelloWorld */,
				C521455C13ED03E700B4084E /* Frameworks */,
				C521455A13ED03E700B4084E /* Products */,
			);
			sourceTree = "<group>";
		};
		C521455A13ED03E700B4084E /* Products */ = {
			isa = PBXGroup;
			children = (
				C521455913ED03E700B4084E /* HelloWorld.app */,
			);
			name = Products;
			sourceTree = "<group>";
		};
		C521455C13ED03E700B4084E /* Frameworks */ = {
			isa = PBXGroup;
			children = (
				C521455D13ED03E700B4084E /* UIKit.framework */,
				C521455F13ED03E700B4084E /* Foundation.framework */,
				C521456113ED03E700B4084E /* CoreGraphics.framework */,
			);
			name = Frameworks;
			sourceTree = "<group>";
		};
		C521456313ED03E700B4084E /* HelloWorld */ = {
			isa = PBXGroup;
			children = (
				C521456C13ED03E700B4084E /* HelloWorldAppDelegate.h */,
				C521456D13ED03E700B4084E /* HelloWorldAppDelegate.m */,
				C521456F13ED03E700B4084E /* MainWindow.xib */,
				C521457213ED03E700B4084E /* HelloWorldViewController.h */,
				C521457313ED03E700B4084E /* HelloWorldViewController.m */,
				C521457513ED03E700B4084E /* HelloWorldViewController.xib */,
				C521456413ED03E700B4084E /* Supporting Files */,
			);
			path = HelloWorld;
			sourceTree = "<group>";
		};
		C521456413ED03E700B4084E /* Supporting Files */ = {
			isa = PBXGroup;
			children = (
				C521456513ED03E700B4084E /* HelloWorld-Info.plist */,
				C521456613ED03E700B4084E /* InfoPlist.strings */,
				C521456913ED03E700B4084E /* HelloWorld-Prefix.pch */,
				C521456A13ED03E700B4084E /* main.m */,
			);
			name = "Supporting Files";
			sourceTree = "<group>";
		};
/* End PBXGroup section */

/* Begin PBXNativeTarget section */
		C521455813ED03E700B4084E /* HelloWorld */ = {
			isa = PBXNativeTarget;
			buildConfigurationList = C521457A13ED03E700B4084E /* Build configuration list for PBXNativeTarget "HelloWorld" */;
			buildPhases = (
				C521455513ED03E700B4084E /* Sources */,
				C521455613ED03E700B4084E /* Frameworks */,
				C521455713ED03E700B4084E /* Resources */,
			);
			buildRules = (
			);
			dependencies = (
			);
			name = HelloWorld;
			productName = HelloWorld;
			productReference = C521455913ED03E700B4084E /* HelloWorld.app */;
			productType = "com.apple.product-type.application";
		};
/* End PBXNativeTarget section */

/* Begin PBXProject section */
		C521455013ED03E700B4084E /* Project object */ = {
			isa = PBXProject;
			buildConfigurationList = C521455313ED03E700B4084E /* Build configuration list for PBXProject "HelloWorld" */;
			compatibilityVersion = "Xcode 3.2";
			developmentRegion = English;
			hasScannedForEncodings = 0;
			knownRegions = (
				en,
			);
			mainGroup = C521454E13ED03E700B4084E;
			productRefGroup = C521455A13ED03E700B4084E /* Products */;
			projectDirPath = "";
			projectRoot = "";
			targets = (
				C521455813ED03E700B4084E /* HelloWorld */,
			);
		};
/* End PBXProject section */

/* Begin PBXResourcesBuildPhase section */
		C521455713ED03E700B4084E /* Resources */ = {
			isa = PBXResourcesBuildPhase;
			buildActionMask = 2147483647;
			files = (
				C521456813ED03E700B4084E /* InfoPlist.strings in Resources */,
				C521457113ED03E700B4084E /* MainWindow.xib in Resources */,
				C521457713ED03E700B4084E /* HelloWorldViewController.xib in Resources */,
			);
			runOnlyForDeploymentPostprocessing = 0;
		};
/* End PBXResourcesBuildPhase section */

/* Begin PBXSourcesBuildPhase section */
		C521455513ED03E700B4084E /* Sources */ = {
			isa = PBXSourcesBuildPhase;
			buildActionMask = 2147483647;
			files = (
				C521456B13ED03E700B4084E /* main.m in Sources */,
				C521456E13ED03E700B4084E /* HelloWorldAppDelegate.m in Sources */,
				C521457413ED03E700B4084E /* HelloWorldViewController.m in Sources */,
			);
			runOnlyForDeploymentPostprocessing = 0;
		};
/* End PBXSourcesBuildPhase section */

/* Begin PBXVariantGroup section */
		C521456613ED03E700B4084E /* InfoPlist.strings */ = {
			isa = PBXVariantGroup;
			children = (
				C521456713ED03E700B4084E /* en */,
			);
			name = InfoPlist.strings;
			sourceTree = "<group>";
		};
		C521456F13ED03E700B4084E /* MainWindow.xib */ = {
			isa = PBXVariantGroup;
			children = (
				C521457013ED03E700B4084E /* en */,
			);
			name = MainWindow.xib;
			sourceTree = "<group>";
		};
		C521457513ED03E700B4084E /* HelloWorldViewController.xib */ = {
			isa = PBXVariantGroup;
			children = (
				C521457613ED03E700B4084E /* en */,
			);
			name = HelloWorldViewController.xib;
			sourceTree = "<group>";
		};
/* End PBXVariantGroup section */

/* Begin XCBuildConfiguration section */
		C521457813ED03E700B4084E /* Debug */ = {
			isa = XCBuildConfiguration;
			buildSettings = {
				ARCHS = "$(ARCHS_STANDARD_32_BIT)";
				"CODE_SIGN_IDENTITY[sdk=iphoneos*]" = "iPhone Developer";
				GCC_C_LANGUAGE_STANDARD = gnu99;
				GCC_OPTIMIZATION_LEVEL = 0;
				GCC_PREPROCESSOR_DEFINITIONS = DEBUG;
				GCC_SYMBOLS_PRIVATE_EXTERN = NO;
				GCC_VERSION = com.apple.compilers.llvmgcc42;
				GCC_WARN_ABOUT_RETURN_TYPE = YES;
				GCC_WARN_UNUSED_VARIABLE = YES;
				IPHONEOS_DEPLOYMENT_TARGET = 4.3;
				SDKROOT = iphoneos;
			};
			name = Debug;
		};
		C521457913ED03E700B4084E /* Release */ = {
			isa = XCBuildConfiguration;
			buildSettings = {
				ARCHS = "$(ARCHS_STANDARD_32_BIT)";
				"CODE_SIGN_IDENTITY[sdk=iphoneos*]" = "iPhone Developer";
				GCC_C_LANGUAGE_STANDARD = gnu99;
				GCC_VERSION = com.apple.compilers.llvmgcc42;
				GCC_WARN_ABOUT_RETURN_TYPE = YES;
				GCC_WARN_UNUSED_VARIABLE = YES;
				IPHONEOS_DEPLOYMENT_TARGET = 4.3;
				OTHER_CFLAGS = "-DNS_BLOCK_ASSERTIONS=1";
				SDKROOT = iphoneos;
			};
			name = Release;
		};
		C521457B13ED03E700B4084E /* Debug */ = {
			isa = XCBuildConfiguration;
			buildSettings = {
				ALWAYS_SEARCH_USER_PATHS = NO;
				COPY_PHASE_STRIP = NO;
				GCC_DYNAMIC_NO_PIC = NO;
				GCC_PRECOMPILE_PREFIX_HEADER = YES;
				GCC_PREFIX_HEADER = "HelloWorld/HelloWorld-Prefix.pch";
				INFOPLIST_FILE = "HelloWorld/HelloWorld-Info.plist";
				PRODUCT_NAME = "$(TARGET_NAME)";
				WRAPPER_EXTENSION = app;
			};
			name = Debug;
		};
		C521457C13ED03E700B4084E /* Release */ = {
			isa = XCBuildConfiguration;
			buildSettings = {
				ALWAYS_SEARCH_USER_PATHS = NO;
				COPY_PHASE_STRIP = YES;
				GCC_PRECOMPILE_PREFIX_HEADER = YES;
				GCC_PREFIX_HEADER = "HelloWorld/HelloWorld-Prefix.pch";
				INFOPLIST_FILE = "HelloWorld/HelloWorld-Info.plist";
				PRODUCT_NAME = "$(TARGET_NAME)";
				VALIDATE_PRODUCT = YES;
				WRAPPER_EXTENSION = app;
			};
			name = Release;
		};
/* End XCBuildConfiguration section */

/* Begin XCConfigurationList section */
		C521455313ED03E700B4084E /* Build configuration list for PBXProject "HelloWorld" */ = {
			isa = XCConfigurationList;
			buildConfigurations = (
				C521457813ED03E700B4084E /* Debug */,
				C521457913ED03E700B4084E /* Release */,
			);
			defaultConfigurationIsVisible = 0;
			defaultConfigurationName = Release;
		};
		C521457A13ED03E700B4084E /* Build configuration list for PBXNativeTarget "HelloWorld" */ = {
			isa = XCConfigurationList;
			buildConfigurations = (
				C521457B13ED03E700B4084E /* Debug */,
				C521457C13ED03E700B4084E /* Release */,
			);
			defaultConfigurationIsVisible = 0;
		};
/* End XCConfigurationList section */
	};
	rootObject = C521455013ED03E700B4084E /* Project object */;
}
